
Microsoft Visual Studio Solution File, Format Version 12.00
# Visual Studio Version 17
VisualStudioVersion = 17.8.34601.278
MinimumVisualStudioVersion = 10.0.40219.1
Project("{FAE04EC0-301F-11D3-BF4B-00C04F79EFBC}") = "AssetsManagementSystem", "AssetsManagementSystem\AssetsManagementSystem.csproj", "{035B1D39-FB0A-4800-AC83-C8B012D04283}"
EndProject
Global
	GlobalSection(SolutionConfigurationPlatforms) = preSolution
		Debug|Any CPU = Debug|Any CPU
		Release|Any CPU = Release|Any CPU
	EndGlobalSection
	GlobalSection(ProjectConfigurationPlatforms) = postSolution
		{035B1D39-FB0A-4800-AC83-C8B012D04283}.Debug|Any CPU.ActiveCfg = Debug|Any CPU
		{035B1D39-FB0A-4800-AC83-C8B012D04283}.Debug|Any CPU.Build.0 = Debug|Any CPU
		{035B1D39-FB0A-4800-AC83-C8B012D04283}.Release|Any CPU.ActiveCfg = Release|Any CPU
		{035B1D39-FB0A-4800-AC83-C8B012D04283}.Release|Any CPU.Build.0 = Release|Any CPU
	EndGlobalSection
	GlobalSection(SolutionProperties) = preSolution
		HideSolutionNode = FALSE
	EndGlobalSection
	GlobalSection(ExtensibilityGlobals) = postSolution
		SolutionGuid = {BBC15221-05F8-475F-8386-C5BA2F383100}
	EndGlobalSection
EndGlobal
